{
  "name": "miolo-demo",
  "version": "0.0.1",
  "lockfileVersion": 3,
  "requires": true,
  "packages": {
    "": {
      "name": "miolo-demo",
      "version": "0.0.1",
      "dependencies": {
        "intre": "^2.6.1",
        "miolo": "..",
        "react": "^18.3.1",
        "react-dom": "^18.3.1",
        "react-router-dom": "6.29.0"
      }
    },
    "..": {
      "version": "2.1.0-beta.1",
      "license": "MIT",
      "dependencies": {
        "@babel/plugin-proposal-decorators": "^7.28.0",
        "@dotenvx/dotenvx": "^1.47.5",
        "@koa/bodyparser": "^6.0.0",
        "@koa/cors": "^5.0.0",
        "@koa/router": "^13.1.1",
        "@maxmind/geoip2-node": "^6.1.0",
        "@vitejs/plugin-react": "^4.6.0",
        "cacheiro": "^0.4.4",
        "calustra": "^0.15.3",
        "cron": "^4.3.2",
        "deepmerge": "^4.3.1",
        "diskspace": "^2.0.0",
        "http-terminator": "^3.2.0",
        "intre": "^2.6.1",
        "jwt-simple": "^0.5.6",
        "koa": "^3.0.0",
        "koa-compress": "^5.1.1",
        "koa-connect": "^2.1.0",
        "koa-favicon": "^2.1.0",
        "koa-mount": "^4.2.0",
        "koa-passport": "^6.0.0",
        "koa-proxies": "^0.12.4",
        "koa-ratelimit": "^6.0.0",
        "koa-session": "^7.0.2",
        "koa-socket-2": "^2.0.0",
        "koa-static": "^5.0.0",
        "nodemailer": "^7.0.5",
        "passport-local": "^1.0.0",
        "socket.io": "^4.8.1",
        "socket.io-client": "^4.8.1",
        "tinguir": "^0.0.7",
        "vite": "^7.0.4",
        "winston": "^3.17.0",
        "winston-daily-rotate-file": "^5.0.0",
        "xeira": "^1.2.3",
        "yargs-parser": "^22.0.0"
      },
      "bin": {
        "miolo": "bin/index.mjs"
      },
      "devDependencies": {
        "node-fetch": "^3.3.2"
      },
      "peerDependencies": {
        "react": "^18.3.1",
        "react-dom": "^18.3.1"
      }
    },
    "node_modules/@remix-run/router": {
      "version": "1.22.0",
      "resolved": "https://registry.npmjs.org/@remix-run/router/-/router-1.22.0.tgz",
      "integrity": "sha512-MBOl8MeOzpK0HQQQshKB7pABXbmyHizdTpqnrIseTbsv0nAepwC2ENZa1aaBExNQcpLoXmWthhak8SABLzvGPw==",
      "license": "MIT",
      "engines": {
        "node": ">=14.0.0"
      }
    },
    "node_modules/dayjs": {
      "version": "1.11.13",
      "resolved": "https://registry.npmjs.org/dayjs/-/dayjs-1.11.13.tgz",
      "integrity": "sha512-oaMBel6gjolK862uaPQOVTA7q3TZhuSvuMQAAglQDOWYO9A91IrAOUJEyKVlqJlHE0vq5p5UXxzdPfMH/x6xNg==",
      "license": "MIT",
      "peer": true
    },
    "node_modules/intre": {
      "version": "2.6.1",
      "resolved": "https://registry.npmjs.org/intre/-/intre-2.6.1.tgz",
      "integrity": "sha512-0jdo01U5WpDcxIOf0Oyq0gcEGtgZCoKCfwh4YSf1V4ARZZlG1dmeKO6kjgQRNUIcQ9NALDGeWEHPCe287GR4RQ==",
      "license": "MIT",
      "peerDependencies": {
        "dayjs": "^1.11.13"
      }
    },
    "node_modules/js-tokens": {
      "version": "4.0.0",
      "resolved": "https://registry.npmjs.org/js-tokens/-/js-tokens-4.0.0.tgz",
      "integrity": "sha512-RdJUflcE3cUzKiMqQgsCu06FPu9UdIJO0beYbPhHN4k6apgJtifcoCtT9bcxOpYBtpD2kCM6Sbzg4CausW/PKQ==",
      "license": "MIT"
    },
    "node_modules/loose-envify": {
      "version": "1.4.0",
      "resolved": "https://registry.npmjs.org/loose-envify/-/loose-envify-1.4.0.tgz",
      "integrity": "sha512-lyuxPGr/Wfhrlem2CL/UcnUc1zcqKAImBDzukY7Y5F/yQiNdko6+fRLevlw1HgMySw7f611UIY408EtxRSoK3Q==",
      "license": "MIT",
      "dependencies": {
        "js-tokens": "^3.0.0 || ^4.0.0"
      },
      "bin": {
        "loose-envify": "cli.js"
      }
    },
    "node_modules/miolo": {
      "resolved": "..",
      "link": true
    },
    "node_modules/react": {
      "version": "18.3.1",
      "resolved": "https://registry.npmjs.org/react/-/react-18.3.1.tgz",
      "integrity": "sha512-wS+hAgJShR0KhEvPJArfuPVN1+Hz1t0Y6n5jLrGQbkb4urgPE/0Rve+1kMB1v/oWgHgm4WIcV+i7F2pTVj+2iQ==",
      "license": "MIT",
      "dependencies": {
        "loose-envify": "^1.1.0"
      },
      "engines": {
        "node": ">=0.10.0"
      }
    },
    "node_modules/react-dom": {
      "version": "18.3.1",
      "resolved": "https://registry.npmjs.org/react-dom/-/react-dom-18.3.1.tgz",
      "integrity": "sha512-5m4nQKp+rZRb09LNH59GM4BxTh9251/ylbKIbpe7TpGxfJ+9kv6BLkLBXIjjspbgbnIBNqlI23tRnTWT0snUIw==",
      "license": "MIT",
      "dependencies": {
        "loose-envify": "^1.1.0",
        "scheduler": "^0.23.2"
      },
      "peerDependencies": {
        "react": "^18.3.1"
      }
    },
    "node_modules/react-router": {
      "version": "6.29.0",
      "resolved": "https://registry.npmjs.org/react-router/-/react-router-6.29.0.tgz",
      "integrity": "sha512-DXZJoE0q+KyeVw75Ck6GkPxFak63C4fGqZGNijnWgzB/HzSP1ZfTlBj5COaGWwhrMQ/R8bXiq5Ooy4KG+ReyjQ==",
      "license": "MIT",
      "dependencies": {
        "@remix-run/router": "1.22.0"
      },
      "engines": {
        "node": ">=14.0.0"
      },
      "peerDependencies": {
        "react": ">=16.8"
      }
    },
    "node_modules/react-router-dom": {
      "version": "6.29.0",
      "resolved": "https://registry.npmjs.org/react-router-dom/-/react-router-dom-6.29.0.tgz",
      "integrity": "sha512-pkEbJPATRJ2iotK+wUwHfy0xs2T59YPEN8BQxVCPeBZvK7kfPESRc/nyxzdcxR17hXgUPYx2whMwl+eo9cUdnQ==",
      "license": "MIT",
      "dependencies": {
        "@remix-run/router": "1.22.0",
        "react-router": "6.29.0"
      },
      "engines": {
        "node": ">=14.0.0"
      },
      "peerDependencies": {
        "react": ">=16.8",
        "react-dom": ">=16.8"
      }
    },
    "node_modules/scheduler": {
      "version": "0.23.2",
      "resolved": "https://registry.npmjs.org/scheduler/-/scheduler-0.23.2.tgz",
      "integrity": "sha512-UOShsPwz7NrMUqhR6t0hWjFduvOzbtv7toDH1/hIrfRNIDBnnBWd0CwJTGvTpngVlmwGCdP9/Zl/tVrDqcuYzQ==",
      "license": "MIT",
      "dependencies": {
        "loose-envify": "^1.1.0"
      }
    }
  }
}
